// !$*UTF8*$!
{
	archiveVersion = 1;
	classes = {
	};
	objectVersion = 77;
	objects = {

/* Begin PBXBuildFile section */
		10CEC10514A4A9E2BEE06E3C /* TodayView.swift in Sources */ = {isa = PBXBuildFile; fileRef = B4B386783A7838CA303E1BC3 /* TodayView.swift */; };
		203782932B51126A37CA0FFF /* ObservanceCatalog.swift in Sources */ = {isa = PBXBuildFile; fileRef = 685BECB91D95508B0CA8C7A1 /* ObservanceCatalog.swift */; };
		2AD7815E419CBCAAECD48E49 /* ObservanceDetailView.swift in Sources */ = {isa = PBXBuildFile; fileRef = 3433DA2670D7D0119C01AC48 /* ObservanceDetailView.swift */; };
		464AE8DEE64BA93D2147D70A /* observances.json in Resources */ = {isa = PBXBuildFile; fileRef = 5575AE81AF76473F9DB13320 /* observances.json */; };
		6C9A7CE839566BD387D13BCE /* Observance.swift in Sources */ = {isa = PBXBuildFile; fileRef = 494BC4FB53412A28327DC7DC /* Observance.swift */; };
		7609F3707D7DF246B0BC52EC /* RootView.swift in Sources */ = {isa = PBXBuildFile; fileRef = C2E3CEC68740D7F3031B0C85 /* RootView.swift */; };
		81E4F8DD3EDA723EB8414CE9 /* NotificationManager.swift in Sources */ = {isa = PBXBuildFile; fileRef = 12FC5DB153E81E1DC46A0DA5 /* NotificationManager.swift */; };
		841F19A246E9C118D68F75F4 /* SettingsView.swift in Sources */ = {isa = PBXBuildFile; fileRef = A6EC5D45579F093AD4C8B02E /* SettingsView.swift */; };
		8451880472EBDD063A847B50 /* AppSettings.swift in Sources */ = {isa = PBXBuildFile; fileRef = 8B1795E89511401338D11EC9 /* AppSettings.swift */; };
		922A6FA79629194B0D30771E /* PlannerTheme.swift in Sources */ = {isa = PBXBuildFile; fileRef = 5C3B2B08A2F9256095F33BA1 /* PlannerTheme.swift */; };
		CF9494B916DB72F925EB09A5 /* TodayIsApp.swift in Sources */ = {isa = PBXBuildFile; fileRef = 35E57B604A184DEE8E9B7BF9 /* TodayIsApp.swift */; };
		EAEC3B9E5FE72AEF9125DF43 /* BrowseView.swift in Sources */ = {isa = PBXBuildFile; fileRef = 0DEADDFB33021171BC6D83DB /* BrowseView.swift */; };
		FB22EA4741A765085B7DF32D /* Assets.xcassets in Resources */ = {isa = PBXBuildFile; fileRef = B49802CA56CF1BAADD5437B4 /* Assets.xcassets */; };
/* End PBXBuildFile section */

/* Begin PBXFileReference section */
		0DEADDFB33021171BC6D83DB /* BrowseView.swift */ = {isa = PBXFileReference; lastKnownFileType = sourcecode.swift; path = BrowseView.swift; sourceTree = "<group>"; };
		12FC5DB153E81E1DC46A0DA5 /* NotificationManager.swift */ = {isa = PBXFileReference; lastKnownFileType = sourcecode.swift; path = NotificationManager.swift; sourceTree = "<group>"; };
		3433DA2670D7D0119C01AC48 /* ObservanceDetailView.swift */ = {isa = PBXFileReference; lastKnownFileType = sourcecode.swift; path = ObservanceDetailView.swift; sourceTree = "<group>"; };
		35E57B604A184DEE8E9B7BF9 /* TodayIsApp.swift */ = {isa = PBXFileReference; lastKnownFileType = sourcecode.swift; path = TodayIsApp.swift; sourceTree = "<group>"; };
		494BC4FB53412A28327DC7DC /* Observance.swift */ = {isa = PBXFileReference; lastKnownFileType = sourcecode.swift; path = Observance.swift; sourceTree = "<group>"; };
		5575AE81AF76473F9DB13320 /* observances.json */ = {isa = PBXFileReference; lastKnownFileType = text.json; path = observances.json; sourceTree = "<group>"; };
		5C3B2B08A2F9256095F33BA1 /* PlannerTheme.swift */ = {isa = PBXFileReference; lastKnownFileType = sourcecode.swift; path = PlannerTheme.swift; sourceTree = "<group>"; };
		685BECB91D95508B0CA8C7A1 /* ObservanceCatalog.swift */ = {isa = PBXFileReference; lastKnownFileType = sourcecode.swift; path = ObservanceCatalog.swift; sourceTree = "<group>"; };
		6F682557DD5B939C31698ED9 /* TodayIs.app */ = {isa = PBXFileReference; includeInIndex = 0; lastKnownFileType = wrapper.application; path = TodayIs.app; sourceTree = BUILT_PRODUCTS_DIR; };
		8B1795E89511401338D11EC9 /* AppSettings.swift */ = {isa = PBXFileReference; lastKnownFileType = sourcecode.swift; path = AppSettings.swift; sourceTree = "<group>"; };
		A6EC5D45579F093AD4C8B02E /* SettingsView.swift */ = {isa = PBXFileReference; lastKnownFileType = sourcecode.swift; path = SettingsView.swift; sourceTree = "<group>"; };
		B49802CA56CF1BAADD5437B4 /* Assets.xcassets */ = {isa = PBXFileReference; lastKnownFileType = folder.assetcatalog; path = Assets.xcassets; sourceTree = "<group>"; };
		B4B386783A7838CA303E1BC3 /* TodayView.swift */ = {isa = PBXFileReference; lastKnownFileType = sourcecode.swift; path = TodayView.swift; sourceTree = "<group>"; };
		C2E3CEC68740D7F3031B0C85 /* RootView.swift */ = {isa = PBXFileReference; lastKnownFileType = sourcecode.swift; path = RootView.swift; sourceTree = "<group>"; };
/* End PBXFileReference section */

/* Begin PBXGroup section */
		30F6126962648294045C76B8 /* Resources */ = {
			isa = PBXGroup;
			children = (
				B49802CA56CF1BAADD5437B4 /* Assets.xcassets */,
				5575AE81AF76473F9DB13320 /* observances.json */,
			);
			path = Resources;
			sourceTree = "<group>";
		};
		4EFA205A111FA9AE11DFF172 /* Notifications */ = {
			isa = PBXGroup;
			children = (
				12FC5DB153E81E1DC46A0DA5 /* NotificationManager.swift */,
			);
			path = Notifications;
			sourceTree = "<group>";
		};
		7FE489495812C01D58C1C479 /* Views */ = {
			isa = PBXGroup;
			children = (
				0DEADDFB33021171BC6D83DB /* BrowseView.swift */,
				3433DA2670D7D0119C01AC48 /* ObservanceDetailView.swift */,
				5C3B2B08A2F9256095F33BA1 /* PlannerTheme.swift */,
				C2E3CEC68740D7F3031B0C85 /* RootView.swift */,
				A6EC5D45579F093AD4C8B02E /* SettingsView.swift */,
				B4B386783A7838CA303E1BC3 /* TodayView.swift */,
			);
			path = Views;
			sourceTree = "<group>";
		};
		8E67C47DAC03CDDBB671D555 = {
			isa = PBXGroup;
			children = (
				B42C62BC24543432B8059308 /* TodayIs */,
				E7B3780070E3E1024CB96558 /* Products */,
			);
			sourceTree = "<group>";
		};
		B42C62BC24543432B8059308 /* TodayIs */ = {
			isa = PBXGroup;
			children = (
				B4827E04376DC32B9D460182 /* App */,
				DB411B623199F2B6E70CCD7A /* Models */,
				4EFA205A111FA9AE11DFF172 /* Notifications */,
				30F6126962648294045C76B8 /* Resources */,
				7FE489495812C01D58C1C479 /* Views */,
			);
			path = TodayIs;
			sourceTree = "<group>";
		};
		B4827E04376DC32B9D460182 /* App */ = {
			isa = PBXGroup;
			children = (
				35E57B604A184DEE8E9B7BF9 /* TodayIsApp.swift */,
			);
			path = App;
			sourceTree = "<group>";
		};
		DB411B623199F2B6E70CCD7A /* Models */ = {
			isa = PBXGroup;
			children = (
				8B1795E89511401338D11EC9 /* AppSettings.swift */,
				494BC4FB53412A28327DC7DC /* Observance.swift */,
				685BECB91D95508B0CA8C7A1 /* ObservanceCatalog.swift */,
			);
			path = Models;
			sourceTree = "<group>";
		};
		E7B3780070E3E1024CB96558 /* Products */ = {
			isa = PBXGroup;
			children = (
				6F682557DD5B939C31698ED9 /* TodayIs.app */,
			);
			name = Products;
			sourceTree = "<group>";
		};
/* End PBXGroup section */

/* Begin PBXNativeTarget section */
		614F479E805D494D224E8F64 /* TodayIs */ = {
			isa = PBXNativeTarget;
			buildConfigurationList = 5A0307DA3DD0FDE1E6EF47FB /* Build configuration list for PBXNativeTarget "TodayIs" */;
			buildPhases = (
				142C794158025044F59CA2E1 /* Sources */,
				9514FBCD4176176A2FD09E36 /* Resources */,
			);
			buildRules = (
			);
			dependencies = (
			);
			name = TodayIs;
			packageProductDependencies = (
			);
			productName = TodayIs;
			productReference = 6F682557DD5B939C31698ED9 /* TodayIs.app */;
			productType = "com.apple.product-type.application";
		};
/* End PBXNativeTarget section */

/* Begin PBXProject section */
		7DA734FBE3F1F3F86AFCD79E /* Project object */ = {
			isa = PBXProject;
			attributes = {
				BuildIndependentTargetsInParallel = YES;
				LastUpgradeCheck = 1430;
				TargetAttributes = {
				};
			};
			buildConfigurationList = EAF8F2CA6846A3F9B449E12F /* Build configuration list for PBXProject "TodayIs" */;
			developmentRegion = en;
			hasScannedForEncodings = 0;
			knownRegions = (
				Base,
				en,
			);
			mainGroup = 8E67C47DAC03CDDBB671D555;
			minimizedProjectReferenceProxies = 1;
			preferredProjectObjectVersion = 77;
			productRefGroup = E7B3780070E3E1024CB96558 /* Products */;
			projectDirPath = "";
			projectRoot = "";
			targets = (
				614F479E805D494D224E8F64 /* TodayIs */,
			);
		};
/* End PBXProject section */

/* Begin PBXResourcesBuildPhase section */
		9514FBCD4176176A2FD09E36 /* Resources */ = {
			isa = PBXResourcesBuildPhase;
			buildActionMask = 2147483647;
			files = (
				FB22EA4741A765085B7DF32D /* Assets.xcassets in Resources */,
				464AE8DEE64BA93D2147D70A /* observances.json in Resources */,
			);
			runOnlyForDeploymentPostprocessing = 0;
		};
/* End PBXResourcesBuildPhase section */

/* Begin PBXSourcesBuildPhase section */
		142C794158025044F59CA2E1 /* Sources */ = {
			isa = PBXSourcesBuildPhase;
			buildActionMask = 2147483647;
			files = (
				8451880472EBDD063A847B50 /* AppSettings.swift in Sources */,
				EAEC3B9E5FE72AEF9125DF43 /* BrowseView.swift in Sources */,
				81E4F8DD3EDA723EB8414CE9 /* NotificationManager.swift in Sources */,
				6C9A7CE839566BD387D13BCE /* Observance.swift in Sources */,
				203782932B51126A37CA0FFF /* ObservanceCatalog.swift in Sources */,
				2AD7815E419CBCAAECD48E49 /* ObservanceDetailView.swift in Sources */,
				922A6FA79629194B0D30771E /* PlannerTheme.swift in Sources */,
				7609F3707D7DF246B0BC52EC /* RootView.swift in Sources */,
				841F19A246E9C118D68F75F4 /* SettingsView.swift in Sources */,
				CF9494B916DB72F925EB09A5 /* TodayIsApp.swift in Sources */,
				10CEC10514A4A9E2BEE06E3C /* TodayView.swift in Sources */,
			);
			runOnlyForDeploymentPostprocessing = 0;
		};
/* End PBXSourcesBuildPhase section */

/* Begin XCBuildConfiguration section */
		319EDC1FE2860094C13EC09F /* Debug */ = {
			isa = XCBuildConfiguration;
			buildSettings = {
				ALWAYS_SEARCH_USER_PATHS = NO;
				CLANG_ANALYZER_NONNULL = YES;
				CLANG_ANALYZER_NUMBER_OBJECT_CONVERSION = YES_AGGRESSIVE;
				CLANG_CXX_LANGUAGE_STANDARD = "gnu++14";
				CLANG_CXX_LIBRARY = "libc++";
				CLANG_ENABLE_MODULES = YES;
				CLANG_ENABLE_OBJC_ARC = YES;
				CLANG_ENABLE_OBJC_WEAK = YES;
				CLANG_WARN_BLOCK_CAPTURE_AUTORELEASING = YES;
				CLANG_WARN_BOOL_CONVERSION = YES;
				CLANG_WARN_COMMA = YES;
				CLANG_WARN_CONSTANT_CONVERSION = YES;
				CLANG_WARN_DEPRECATED_OBJC_IMPLEMENTATIONS = YES;
				CLANG_WARN_DIRECT_OBJC_ISA_USAGE = YES_ERROR;
				CLANG_WARN_DOCUMENTATION_COMMENTS = YES;
				CLANG_WARN_EMPTY_BODY = YES;
				CLANG_WARN_ENUM_CONVERSION = YES;
				CLANG_WARN_INFINITE_RECURSION = YES;
				CLANG_WARN_INT_CONVERSION = YES;
				CLANG_WARN_NON_LITERAL_NULL_CONVERSION = YES;
				CLANG_WARN_OBJC_IMPLICIT_RETAIN_SELF = YES;
				CLANG_WARN_OBJC_LITERAL_CONVERSION = YES;
				CLANG_WARN_OBJC_ROOT_CLASS = YES_ERROR;
				CLANG_WARN_QUOTED_INCLUDE_IN_FRAMEWORK_HEADER = YES;
				CLANG_WARN_RANGE_LOOP_ANALYSIS = YES;
				CLANG_WARN_STRICT_PROTOTYPES = YES;
				CLANG_WARN_SUSPICIOUS_MOVE = YES;
				CLANG_WARN_UNGUARDED_AVAILABILITY = YES_AGGRESSIVE;
				CLANG_WARN_UNREACHABLE_CODE = YES;
				CLANG_WARN__DUPLICATE_METHOD_MATCH = YES;
				COPY_PHASE_STRIP = NO;
				DEBUG_INFORMATION_FORMAT = dwarf;
				ENABLE_STRICT_OBJC_MSGSEND = YES;
				ENABLE_TESTABILITY = YES;
				GCC_C_LANGUAGE_STANDARD = gnu11;
				GCC_DYNAMIC_NO_PIC = NO;
				GCC_NO_COMMON_BLOCKS = YES;
				GCC_OPTIMIZATION_LEVEL = 0;
				GCC_PREPROCESSOR_DEFINITIONS = (
					"$(inherited)",
					"DEBUG=1",
				);
				GCC_WARN_64_TO_32_BIT_CONVERSION = YES;
				GCC_WARN_ABOUT_RETURN_TYPE = YES_ERROR;
				GCC_WARN_UNDECLARED_SELECTOR = YES;
				GCC_WARN_UNINITIALIZED_AUTOS = YES_AGGRESSIVE;
				GCC_WARN_UNUSED_FUNCTION = YES;
				GCC_WARN_UNUSED_VARIABLE = YES;
				IPHONEOS_DEPLOYMENT_TARGET = 17.0;
				MTL_ENABLE_DEBUG_INFO = INCLUDE_SOURCE;
				MTL_FAST_MATH = YES;
				ONLY_ACTIVE_ARCH = YES;
				PRODUCT_NAME = "$(TARGET_NAME)";
				SDKROOT = iphoneos;
				SWIFT_ACTIVE_COMPILATION_CONDITIONS = DEBUG;
				SWIFT_OPTIMIZATION_LEVEL = "-Onone";
				SWIFT_VERSION = 5.0;
			};
			name = Debug;
		};
		3C9EC715B144D1249AA5C4E3 /* Release */ = {
			isa = XCBuildConfiguration;
			buildSettings = {
				ALWAYS_SEARCH_USER_PATHS = NO;
				CLANG_ANALYZER_NONNULL = YES;
				CLANG_ANALYZER_NUMBER_OBJECT_CONVERSION = YES_AGGRESSIVE;
				CLANG_CXX_LANGUAGE_STANDARD = "gnu++14";
				CLANG_CXX_LIBRARY = "libc++";
				CLANG_ENABLE_MODULES = YES;
				CLANG_ENABLE_OBJC_ARC = YES;
				CLANG_ENABLE_OBJC_WEAK = YES;
				CLANG_WARN_BLOCK_CAPTURE_AUTORELEASING = YES;
				CLANG_WARN_BOOL_CONVERSION = YES;
				CLANG_WARN_COMMA = YES;
				CLANG_WARN_CONSTANT_CONVERSION = YES;
				CLANG_WARN_DEPRECATED_OBJC_IMPLEMENTATIONS = YES;
				CLANG_WARN_DIRECT_OBJC_ISA_USAGE = YES_ERROR;
				CLANG_WARN_DOCUMENTATION_COMMENTS = YES;
				CLANG_WARN_EMPTY_BODY = YES;
				CLANG_WARN_ENUM_CONVERSION = YES;
				CLANG_WARN_INFINITE_RECURSION = YES;
				CLANG_WARN_INT_CONVERSION = YES;
				CLANG_WARN_NON_LITERAL_NULL_CONVERSION = YES;
				CLANG_WARN_OBJC_IMPLICIT_RETAIN_SELF = YES;
				CLANG_WARN_OBJC_LITERAL_CONVERSION = YES;
				CLANG_WARN_OBJC_ROOT_CLASS = YES_ERROR;
				CLANG_WARN_QUOTED_INCLUDE_IN_FRAMEWORK_HEADER = YES;
				CLANG_WARN_RANGE_LOOP_ANALYSIS = YES;
				CLANG_WARN_STRICT_PROTOTYPES = YES;
				CLANG_WARN_SUSPICIOUS_MOVE = YES;
				CLANG_WARN_UNGUARDED_AVAILABILITY = YES_AGGRESSIVE;
				CLANG_WARN_UNREACHABLE_CODE = YES;
				CLANG_WARN__DUPLICATE_METHOD_MATCH = YES;
				COPY_PHASE_STRIP = NO;
				DEBUG_INFORMATION_FORMAT = "dwarf-with-dsym";
				ENABLE_NS_ASSERTIONS = NO;
				ENABLE_STRICT_OBJC_MSGSEND = YES;
				GCC_C_LANGUAGE_STANDARD = gnu11;
				GCC_NO_COMMON_BLOCKS = YES;
				GCC_WARN_64_TO_32_BIT_CONVERSION = YES;
				GCC_WARN_ABOUT_RETURN_TYPE = YES_ERROR;
				GCC_WARN_UNDECLARED_SELECTOR = YES;
				GCC_WARN_UNINITIALIZED_AUTOS = YES_AGGRESSIVE;
				GCC_WARN_UNUSED_FUNCTION = YES;
				GCC_WARN_UNUSED_VARIABLE = YES;
				IPHONEOS_DEPLOYMENT_TARGET = 17.0;
				MTL_ENABLE_DEBUG_INFO = NO;
				MTL_FAST_MATH = YES;
				PRODUCT_NAME = "$(TARGET_NAME)";
				SDKROOT = iphoneos;
				SWIFT_COMPILATION_MODE = wholemodule;
				SWIFT_OPTIMIZATION_LEVEL = "-O";
				SWIFT_VERSION = 5.0;
			};
			name = Release;
		};
		BBE8F383F4B6E4B4F7DA8A3D /* Release */ = {
			isa = XCBuildConfiguration;
			buildSettings = {
				ASSETCATALOG_COMPILER_APPICON_NAME = AppIcon;
				CODE_SIGN_IDENTITY = "iPhone Developer";
				CURRENT_PROJECT_VERSION = 1;
				GENERATE_INFOPLIST_FILE = YES;
				INFOPLIST_KEY_CFBundleDisplayName = TodayIs;
				INFOPLIST_KEY_UILaunchScreen_Generation = YES;
				LD_RUNPATH_SEARCH_PATHS = (
					"$(inherited)",
					"@executable_path/Frameworks",
				);
				MARKETING_VERSION = 0.1;
				PRODUCT_BUNDLE_IDENTIFIER = com.tyler.TodayIs;
				SDKROOT = iphoneos;
				SWIFT_VERSION = 5.9;
				TARGETED_DEVICE_FAMILY = 1;
			};
			name = Release;
		};
		CBDB708F19A3C9D41E56304E /* Debug */ = {
			isa = XCBuildConfiguration;
			buildSettings = {
				ASSETCATALOG_COMPILER_APPICON_NAME = AppIcon;
				CODE_SIGN_IDENTITY = "iPhone Developer";
				CURRENT_PROJECT_VERSION = 1;
				GENERATE_INFOPLIST_FILE = YES;
				INFOPLIST_KEY_CFBundleDisplayName = TodayIs;
				INFOPLIST_KEY_UILaunchScreen_Generation = YES;
				LD_RUNPATH_SEARCH_PATHS = (
					"$(inherited)",
					"@executable_path/Frameworks",
				);
				MARKETING_VERSION = 0.1;
				PRODUCT_BUNDLE_IDENTIFIER = com.tyler.TodayIs;
				SDKROOT = iphoneos;
				SWIFT_VERSION = 5.9;
				TARGETED_DEVICE_FAMILY = 1;
			};
			name = Debug;
		};
/* End XCBuildConfiguration section */

/* Begin XCConfigurationList section */
		5A0307DA3DD0FDE1E6EF47FB /* Build configuration list for PBXNativeTarget "TodayIs" */ = {
			isa = XCConfigurationList;
			buildConfigurations = (
				CBDB708F19A3C9D41E56304E /* Debug */,
				BBE8F383F4B6E4B4F7DA8A3D /* Release */,
			);
			defaultConfigurationIsVisible = 0;
			defaultConfigurationName = Debug;
		};
		EAF8F2CA6846A3F9B449E12F /* Build configuration list for PBXProject "TodayIs" */ = {
			isa = XCConfigurationList;
			buildConfigurations = (
				319EDC1FE2860094C13EC09F /* Debug */,
				3C9EC715B144D1249AA5C4E3 /* Release */,
			);
			defaultConfigurationIsVisible = 0;
			defaultConfigurationName = Debug;
		};
/* End XCConfigurationList section */
	};
	rootObject = 7DA734FBE3F1F3F86AFCD79E /* Project object */;
}
